
Microsoft Visual Studio Solution File, Format Version 12.00
# Visual Studio Version 16
VisualStudioVersion = 25.0.1705.3
MinimumVisualStudioVersion = 10.0.40219.1
Project("{FAE04EC0-301F-11D3-BF4B-00C04F79EFBC}") = "proyecto-analisis", "proyecto-analisis\proyecto-analisis.csproj", "{22A402B1-CBCA-44EB-B893-FA719E550F0A}"
EndProject
Global
	GlobalSection(SolutionConfigurationPlatforms) = preSolution
		Debug|Any CPU = Debug|Any CPU
		Release|Any CPU = Release|Any CPU
	EndGlobalSection
	GlobalSection(ProjectConfigurationPlatforms) = postSolution
		{22A402B1-CBCA-44EB-B893-FA719E550F0A}.Debug|Any CPU.ActiveCfg = Debug|Any CPU
		{22A402B1-CBCA-44EB-B893-FA719E550F0A}.Debug|Any CPU.Build.0 = Debug|Any CPU
		{22A402B1-CBCA-44EB-B893-FA719E550F0A}.Release|Any CPU.ActiveCfg = Release|Any CPU
		{22A402B1-CBCA-44EB-B893-FA719E550F0A}.Release|Any CPU.Build.0 = Release|Any CPU
	EndGlobalSection
	GlobalSection(SolutionProperties) = preSolution
		HideSolutionNode = FALSE
	EndGlobalSection
	GlobalSection(ExtensibilityGlobals) = postSolution
		SolutionGuid = {6849AF23-AAA2-4295-8EA0-B6E31BE3C60C}
	EndGlobalSection
EndGlobal
